lockVersion: 2.0.0
id: f3f684cb-2f69-436b-bad1-6d4fc2bacd9b
management:
  docChecksum: 2554149823bfd7b4f9664a81d29a1aea
  docVersion: "1.0"
  speakeasyVersion: internal
  generationVersion: 2.250.12
  releaseVersion: 5.0.0
  configChecksum: ef0bb6894c64a51a568bda893cf62faa
  repoURL: https://github.com/speakeasy-sdks/petstore-python.git
  repoSubDirectory: .
  installationURL: https://github.com/speakeasy-sdks/petstore-python.git
features:
  python:
    core: 4.4.5
    getRequestBodies: 2.81.1
    globalSecurity: 2.83.2
    globalServerURLs: 2.82.1
    unions: 2.82.5
generatedFiles:
  - src/pb/sdkconfiguration.py
  - src/pb/animals.py
  - src/pb/birds.py
  - src/pb/sdk.py
  - pylintrc
  - setup.py
  - src/pb/__init__.py
  - src/pb/utils/__init__.py
  - src/pb/utils/retries.py
  - src/pb/utils/utils.py
  - src/pb/models/errors/sdkerror.py
  - tests/helpers.py
  - src/pb/models/operations/create_animal.py
  - src/pb/models/operations/create_living_things.py
  - src/pb/models/operations/delete_animals_by_id.py
  - src/pb/models/operations/get_all_animals.py
  - src/pb/models/operations/get_all_living_things.py
  - src/pb/models/operations/get_animals_by_id.py
  - src/pb/models/operations/update_animals_by_id.py
  - src/pb/models/operations/create_new_bird.py
  - src/pb/models/operations/get_all_birds.py
  - src/pb/models/shared/animals.py
  - src/pb/models/shared/complexobject.py
  - src/pb/models/shared/pagination.py
  - src/pb/models/shared/birds.py
  - src/pb/models/shared/nestedbird.py
  - src/pb/models/shared/security.py
  - src/pb/models/errors/error.py
  - src/pb/models/__init__.py
  - src/pb/models/errors/__init__.py
  - src/pb/models/operations/__init__.py
  - src/pb/models/shared/__init__.py
  - docs/models/operations/createanimalrequestbody.md
  - docs/models/operations/createanimalresponse.md
  - docs/models/operations/createlivingthingsresponse.md
  - docs/models/operations/deleteanimalsbyidrequest.md
  - docs/models/operations/deleteanimalsbyidresponse.md
  - docs/models/operations/getallanimalsrequest.md
  - docs/models/operations/getallanimalsresponse.md
  - docs/models/operations/getalllivingthingsrequest.md
  - docs/models/operations/getalllivingthingspagination.md
  - docs/models/operations/getalllivingthings2.md
  - docs/models/operations/getalllivingthings1.md
  - docs/models/operations/getalllivingthingsmeta.md
  - docs/models/operations/two.md
  - docs/models/operations/pagination.md
  - docs/models/operations/getalllivingthingsanimalsmeta.md
  - docs/models/operations/one.md
  - docs/models/operations/getalllivingthingsresponsebody.md
  - docs/models/operations/getalllivingthingsresponse.md
  - docs/models/operations/getanimalsbyidrequest.md
  - docs/models/operations/getanimalsbyidresponse.md
  - docs/models/operations/updateanimalsbyidrequest.md
  - docs/models/operations/updateanimalsbyidresponse.md
  - docs/models/operations/meta.md
  - docs/models/operations/createnewbirdresponsebody.md
  - docs/models/operations/createnewbirdresponse.md
  - docs/models/operations/getallbirdsresponse.md
  - docs/models/shared/animals.md
  - docs/models/shared/complexobject2.md
  - docs/models/shared/complexobjectbirds.md
  - docs/models/shared/createddate.md
  - docs/models/shared/updateddate.md
  - docs/models/shared/data.md
  - docs/models/shared/two.md
  - docs/models/shared/meta.md
  - docs/models/shared/complexobject.md
  - docs/models/shared/pagination.md
  - docs/models/shared/birds.md
  - docs/models/shared/unit.md
  - docs/models/shared/age.md
  - docs/models/shared/span.md
  - docs/models/shared/wings.md
  - docs/models/shared/flight.md
  - docs/models/shared/geography.md
  - docs/models/shared/location.md
  - docs/models/shared/nestedbird.md
  - docs/models/shared/security.md
  - docs/models/errors/error.md
  - docs/sdks/pb/README.md
  - docs/sdks/animals/README.md
  - docs/sdks/birds/README.md
  - USAGE.md
  - .gitattributes
